
Microsoft Visual Studio Solution File, Format Version 12.00
# Visual Studio Version 16
VisualStudioVersion = 16.0.31729.503
MinimumVisualStudioVersion = 10.0.40219.1
Project("{FAE04EC0-301F-11D3-BF4B-00C04F79EFBC}") = "Calculator02", "Calculator02\Calculator02.csproj", "{3691F9BF-E2CA-41D8-89D4-B20A415C75B1}"
EndProject
Global
	GlobalSection(SolutionConfigurationPlatforms) = preSolution
		Debug|Any CPU = Debug|Any CPU
		Release|Any CPU = Release|Any CPU
	EndGlobalSection
	GlobalSection(ProjectConfigurationPlatforms) = postSolution
		{3691F9BF-E2CA-41D8-89D4-B20A415C75B1}.Debug|Any CPU.ActiveCfg = Debug|Any CPU
		{3691F9BF-E2CA-41D8-89D4-B20A415C75B1}.Debug|Any CPU.Build.0 = Debug|Any CPU
		{3691F9BF-E2CA-41D8-89D4-B20A415C75B1}.Release|Any CPU.ActiveCfg = Release|Any CPU
		{3691F9BF-E2CA-41D8-89D4-B20A415C75B1}.Release|Any CPU.Build.0 = Release|Any CPU
	EndGlobalSection
	GlobalSection(SolutionProperties) = preSolution
		HideSolutionNode = FALSE
	EndGlobalSection
	GlobalSection(ExtensibilityGlobals) = postSolution
		SolutionGuid = {7AB0E462-F486-4515-93E0-D4B5D6EC50E6}
	EndGlobalSection
EndGlobal
